{
  "version": "5",
  "specifiers": {
    "npm:remeda@2.32.0": "2.32.0"
  },
  "npm": {
    "remeda@2.32.0": {
      "integrity": "sha512-BZx9DsT4FAgXDTOdgJIc5eY6ECIXMwtlSPQoPglF20ycSWigttDDe88AozEsPPT4OWk5NujroGSBC1phw5uU+w==",
      "dependencies": [
        "type-fest"
      ]
    },
    "type-fest@4.41.0": {
      "integrity": "sha512-TeTSQ6H5YHvpqVwBRcnLDCBnDOHWYu7IvGbHT6N8AOymcr9PJGjc1GTtiWZTYg0NCgYwvnYWEkVChQAr9bjfwA=="
    }
  },
  "workspace": {
    "dependencies": [
      "npm:remeda@2.32.0"
    ]
  }
}
