{
  "version": "5",
  "specifiers": {
    "npm:@mobily/ts-belt@4.0.0-rc.5": "4.0.0-rc.5"
  },
  "npm": {
    "@mobily/ts-belt@4.0.0-rc.5": {
      "integrity": "sha512-HLWJ8yKrfwdMzCvckRunrAL8Z+K5q31FdY6JzhkBp8o6uQsVuzf26KFyno1s6n6GB78OJEsjs57SaDk9plsJhA=="
    }
  },
  "workspace": {
    "dependencies": [
      "npm:@mobily/ts-belt@4.0.0-rc.5"
    ]
  }
}
